
Microsoft Visual Studio Solution File, Format Version 12.00
# Visual Studio Version 17
VisualStudioVersion = 17.14.37710.0 d17.14
MinimumVisualStudioVersion = 10.0.40219.1
Project("{FAE04EC0-301F-11D3-BF4B-00C04F79EFBC}") = "Assignment5", "Assignment5\Assignment5.csproj", "{6F7702B7-437A-4535-89D1-3D186BBDD3BA}"
EndProject
Global
	GlobalSection(SolutionConfigurationPlatforms) = preSolution
		Debug|Any CPU = Debug|Any CPU
		Release|Any CPU = Release|Any CPU
	EndGlobalSection
	GlobalSection(ProjectConfigurationPlatforms) = postSolution
		{6F7702B7-437A-4535-89D1-3D186BBDD3BA}.Debug|Any CPU.ActiveCfg = Debug|Any CPU
		{6F7702B7-437A-4535-89D1-3D186BBDD3BA}.Debug|Any CPU.Build.0 = Debug|Any CPU
		{6F7702B7-437A-4535-89D1-3D186BBDD3BA}.Release|Any CPU.ActiveCfg = Release|Any CPU
		{6F7702B7-437A-4535-89D1-3D186BBDD3BA}.Release|Any CPU.Build.0 = Release|Any CPU
	EndGlobalSection
	GlobalSection(SolutionProperties) = preSolution
		HideSolutionNode = FALSE
	EndGlobalSection
	GlobalSection(ExtensibilityGlobals) = postSolution
		SolutionGuid = {8B259D84-BD7E-498C-B798-701478823057}
	EndGlobalSection
EndGlobal
